{
  "name": "numerical-monoid",
  "version": "1.0.0",
  "lockfileVersion": 1,
  "requires": true,
  "dependencies": {
    "@types/cytoscape": {
      "version": "3.2.8",
      "resolved": "https://registry.npmjs.org/@types/cytoscape/-/cytoscape-3.2.8.tgz",
      "integrity": "sha512-GBDjUq9LyEBRo5DbfBgB7F1bulXmW17wiBIt/0GykSnR8zzbDHsNyUMEHhOpTVDzqVEZqld9QS5kZHysBbpNqg==",
      "dev": true
    },
    "@types/node": {
      "version": "10.12.5",
      "resolved": "https://registry.npmjs.org/@types/node/-/node-10.12.5.tgz",
      "integrity": "sha512-GzdHjq3t3eGLMv92Al90Iq+EoLL+86mPfQhuglbBFO7HiLdC/rkt+zrzJJumAiBF6nsrBWhou22rPW663AAyFw==",
      "dev": true
    },
    "cytoscape": {
      "version": "3.2.20",
      "resolved": "https://registry.npmjs.org/cytoscape/-/cytoscape-3.2.20.tgz",
      "integrity": "sha512-EtbydFDTa7TTWPulEdefCnI8IvlmyEzP21kCguH194GSdWA5HrWQPjiX66aJoOl6xqU2QCbVks2J7ydKJEbYRg==",
      "requires": {
        "heap": "^0.2.6",
        "lodash.debounce": "^4.0.8"
      }
    },
    "heap": {
      "version": "0.2.6",
      "resolved": "https://registry.npmjs.org/heap/-/heap-0.2.6.tgz",
      "integrity": "sha1-CH4fELBGky/IWU3Z5tN4r8nR5aw="
    },
    "lodash.debounce": {
      "version": "4.0.8",
      "resolved": "https://registry.npmjs.org/lodash.debounce/-/lodash.debounce-4.0.8.tgz",
      "integrity": "sha1-gteb/zCmfEAF/9XiUVMArZyk168="
    },
    "typescript": {
      "version": "3.2.2",
      "resolved": "https://registry.npmjs.org/typescript/-/typescript-3.2.2.tgz",
      "integrity": "sha512-VCj5UiSyHBjwfYacmDuc/NOk4QQixbE+Wn7MFJuS0nRuPQbof132Pw4u53dm264O8LPc2MVsc7RJNml5szurkg=="
    }
  }
}
